
Microsoft Visual Studio Solution File, Format Version 12.00
# Visual Studio Version 16
VisualStudioVersion = 16.0.32228.343
MinimumVisualStudioVersion = 10.0.40219.1
Project("{FAE04EC0-301F-11D3-BF4B-00C04F79EFBC}") = "Coursework1", "Coursework1\Coursework1.csproj", "{9715FC33-0393-4BD6-A075-0596BB9C0B12}"
EndProject
Global
	GlobalSection(SolutionConfigurationPlatforms) = preSolution
		Debug|Any CPU = Debug|Any CPU
		Release|Any CPU = Release|Any CPU
	EndGlobalSection
	GlobalSection(ProjectConfigurationPlatforms) = postSolution
		{9715FC33-0393-4BD6-A075-0596BB9C0B12}.Debug|Any CPU.ActiveCfg = Debug|Any CPU
		{9715FC33-0393-4BD6-A075-0596BB9C0B12}.Debug|Any CPU.Build.0 = Debug|Any CPU
		{9715FC33-0393-4BD6-A075-0596BB9C0B12}.Release|Any CPU.ActiveCfg = Release|Any CPU
		{9715FC33-0393-4BD6-A075-0596BB9C0B12}.Release|Any CPU.Build.0 = Release|Any CPU
	EndGlobalSection
	GlobalSection(SolutionProperties) = preSolution
		HideSolutionNode = FALSE
	EndGlobalSection
	GlobalSection(ExtensibilityGlobals) = postSolution
		SolutionGuid = {D22E45EB-E6D0-4C62-A756-7E2B7E7089BE}
	EndGlobalSection
EndGlobal
